
Microsoft Visual Studio Solution File, Format Version 12.00
# Visual Studio Version 16
VisualStudioVersion = 16.0.31424.327
MinimumVisualStudioVersion = 10.0.40219.1
Project("{FAE04EC0-301F-11D3-BF4B-00C04F79EFBC}") = "CalcApp.UWP", "CalcApp.UWP\CalcApp.UWP.csproj", "{B8187717-5F43-4815-A60B-5720175701FF}"
EndProject
Project("{FAE04EC0-301F-11D3-BF4B-00C04F79EFBC}") = "CalcApp.Android", "CalcApp.Android\CalcApp.Android.csproj", "{EE7645B8-8426-4A43-949D-3362E5476167}"
EndProject
Project("{FAE04EC0-301F-11D3-BF4B-00C04F79EFBC}") = "CalcApp.iOS", "CalcApp.iOS\CalcApp.iOS.csproj", "{44B411EE-F864-4ABE-B07B-5308D561037A}"
EndProject
Project("{FAE04EC0-301F-11D3-BF4B-00C04F79EFBC}") = "CalcApp", "CalcApp\CalcApp.csproj", "{70FC2774-3202-4F7D-AE70-F3413265EFEB}"
EndProject
Global
	GlobalSection(SolutionConfigurationPlatforms) = preSolution
		Debug|Any CPU = Debug|Any CPU
		Debug|ARM = Debug|ARM
		Debug|iPhone = Debug|iPhone
		Debug|iPhoneSimulator = Debug|iPhoneSimulator
		Debug|x64 = Debug|x64
		Debug|x86 = Debug|x86
		Release|Any CPU = Release|Any CPU
		Release|ARM = Release|ARM
		Release|iPhone = Release|iPhone
		Release|iPhoneSimulator = Release|iPhoneSimulator
		Release|x64 = Release|x64
		Release|x86 = Release|x86
	EndGlobalSection
	GlobalSection(ProjectConfigurationPlatforms) = postSolution
		{B8187717-5F43-4815-A60B-5720175701FF}.Debug|Any CPU.ActiveCfg = Debug|x86
		{B8187717-5F43-4815-A60B-5720175701FF}.Debug|Any CPU.Build.0 = Debug|x86
		{B8187717-5F43-4815-A60B-5720175701FF}.Debug|Any CPU.Deploy.0 = Debug|x86
		{B8187717-5F43-4815-A60B-5720175701FF}.Debug|ARM.ActiveCfg = Debug|ARM
		{B8187717-5F43-4815-A60B-5720175701FF}.Debug|ARM.Build.0 = Debug|ARM
		{B8187717-5F43-4815-A60B-5720175701FF}.Debug|ARM.Deploy.0 = Debug|ARM
		{B8187717-5F43-4815-A60B-5720175701FF}.Debug|iPhone.ActiveCfg = Debug|x86
		{B8187717-5F43-4815-A60B-5720175701FF}.Debug|iPhone.Build.0 = Debug|x86
		{B8187717-5F43-4815-A60B-5720175701FF}.Debug|iPhone.Deploy.0 = Debug|x86
		{B8187717-5F43-4815-A60B-5720175701FF}.Debug|iPhoneSimulator.ActiveCfg = Debug|x86
		{B8187717-5F43-4815-A60B-5720175701FF}.Debug|iPhoneSimulator.Build.0 = Debug|x86
		{B8187717-5F43-4815-A60B-5720175701FF}.Debug|iPhoneSimulator.Deploy.0 = Debug|x86
		{B8187717-5F43-4815-A60B-5720175701FF}.Debug|x64.ActiveCfg = Debug|x64
		{B8187717-5F43-4815-A60B-5720175701FF}.Debug|x64.Build.0 = Debug|x64
		{B8187717-5F43-4815-A60B-5720175701FF}.Debug|x64.Deploy.0 = Debug|x64
		{B8187717-5F43-4815-A60B-5720175701FF}.Debug|x86.ActiveCfg = Debug|x86
		{B8187717-5F43-4815-A60B-5720175701FF}.Debug|x86.Build.0 = Debug|x86
		{B8187717-5F43-4815-A60B-5720175701FF}.Debug|x86.Deploy.0 = Debug|x86
		{B8187717-5F43-4815-A60B-5720175701FF}.Release|Any CPU.ActiveCfg = Release|x86
		{B8187717-5F43-4815-A60B-5720175701FF}.Release|Any CPU.Build.0 = Release|x86
		{B8187717-5F43-4815-A60B-5720175701FF}.Release|Any CPU.Deploy.0 = Release|x86
		{B8187717-5F43-4815-A60B-5720175701FF}.Release|ARM.ActiveCfg = Release|ARM
		{B8187717-5F43-4815-A60B-5720175701FF}.Release|ARM.Build.0 = Release|ARM
		{B8187717-5F43-4815-A60B-5720175701FF}.Release|ARM.Deploy.0 = Release|ARM
		{B8187717-5F43-4815-A60B-5720175701FF}.Release|iPhone.ActiveCfg = Release|x86
		{B8187717-5F43-4815-A60B-5720175701FF}.Release|iPhone.Build.0 = Release|x86
		{B8187717-5F43-4815-A60B-5720175701FF}.Release|iPhone.Deploy.0 = Release|x86
		{B8187717-5F43-4815-A60B-5720175701FF}.Release|iPhoneSimulator.ActiveCfg = Release|x86
		{B8187717-5F43-4815-A60B-5720175701FF}.Release|iPhoneSimulator.Build.0 = Release|x86
		{B8187717-5F43-4815-A60B-5720175701FF}.Release|iPhoneSimulator.Deploy.0 = Release|x86
		{B8187717-5F43-4815-A60B-5720175701FF}.Release|x64.ActiveCfg = Release|x64
		{B8187717-5F43-4815-A60B-5720175701FF}.Release|x64.Build.0 = Release|x64
		{B8187717-5F43-4815-A60B-5720175701FF}.Release|x64.Deploy.0 = Release|x64
		{B8187717-5F43-4815-A60B-5720175701FF}.Release|x86.ActiveCfg = Release|x86
		{B8187717-5F43-4815-A60B-5720175701FF}.Release|x86.Build.0 = Release|x86
		{B8187717-5F43-4815-A60B-5720175701FF}.Release|x86.Deploy.0 = Release|x86
		{EE7645B8-8426-4A43-949D-3362E5476167}.Debug|Any CPU.ActiveCfg = Debug|Any CPU
		{EE7645B8-8426-4A43-949D-3362E5476167}.Debug|Any CPU.Build.0 = Debug|Any CPU
		{EE7645B8-8426-4A43-949D-3362E5476167}.Debug|Any CPU.Deploy.0 = Debug|Any CPU
		{EE7645B8-8426-4A43-949D-3362E5476167}.Debug|ARM.ActiveCfg = Debug|Any CPU
		{EE7645B8-8426-4A43-949D-3362E5476167}.Debug|ARM.Build.0 = Debug|Any CPU
		{EE7645B8-8426-4A43-949D-3362E5476167}.Debug|ARM.Deploy.0 = Debug|Any CPU
		{EE7645B8-8426-4A43-949D-3362E5476167}.Debug|iPhone.ActiveCfg = Debug|Any CPU
		{EE7645B8-8426-4A43-949D-3362E5476167}.Debug|iPhone.Build.0 = Debug|Any CPU
		{EE7645B8-8426-4A43-949D-3362E5476167}.Debug|iPhone.Deploy.0 = Debug|Any CPU
		{EE7645B8-8426-4A43-949D-3362E5476167}.Debug|iPhoneSimulator.ActiveCfg = Debug|Any CPU
		{EE7645B8-8426-4A43-949D-3362E5476167}.Debug|iPhoneSimulator.Build.0 = Debug|Any CPU
		{EE7645B8-8426-4A43-949D-3362E5476167}.Debug|iPhoneSimulator.Deploy.0 = Debug|Any CPU
		{EE7645B8-8426-4A43-949D-3362E5476167}.Debug|x64.ActiveCfg = Debug|Any CPU
		{EE7645B8-8426-4A43-949D-3362E5476167}.Debug|x64.Build.0 = Debug|Any CPU
		{EE7645B8-8426-4A43-949D-3362E5476167}.Debug|x64.Deploy.0 = Debug|Any CPU
		{EE7645B8-8426-4A43-949D-3362E5476167}.Debug|x86.ActiveCfg = Debug|Any CPU
		{EE7645B8-8426-4A43-949D-3362E5476167}.Debug|x86.Build.0 = Debug|Any CPU
		{EE7645B8-8426-4A43-949D-3362E5476167}.Debug|x86.Deploy.0 = Debug|Any CPU
		{EE7645B8-8426-4A43-949D-3362E5476167}.Release|Any CPU.ActiveCfg = Release|Any CPU
		{EE7645B8-8426-4A43-949D-3362E5476167}.Release|Any CPU.Build.0 = Release|Any CPU
		{EE7645B8-8426-4A43-949D-3362E5476167}.Release|Any CPU.Deploy.0 = Release|Any CPU
		{EE7645B8-8426-4A43-949D-3362E5476167}.Release|ARM.ActiveCfg = Release|Any CPU
		{EE7645B8-8426-4A43-949D-3362E5476167}.Release|ARM.Build.0 = Release|Any CPU
		{EE7645B8-8426-4A43-949D-3362E5476167}.Release|ARM.Deploy.0 = Release|Any CPU
		{EE7645B8-8426-4A43-949D-3362E5476167}.Release|iPhone.ActiveCfg = Release|Any CPU
		{EE7645B8-8426-4A43-949D-3362E5476167}.Release|iPhone.Build.0 = Release|Any CPU
		{EE7645B8-8426-4A43-949D-3362E5476167}.Release|iPhone.Deploy.0 = Release|Any CPU
		{EE7645B8-8426-4A43-949D-3362E5476167}.Release|iPhoneSimulator.ActiveCfg = Release|Any CPU
		{EE7645B8-8426-4A43-949D-3362E5476167}.Release|iPhoneSimulator.Build.0 = Release|Any CPU
		{EE7645B8-8426-4A43-949D-3362E5476167}.Release|iPhoneSimulator.Deploy.0 = Release|Any CPU
		{EE7645B8-8426-4A43-949D-3362E5476167}.Release|x64.ActiveCfg = Release|Any CPU
		{EE7645B8-8426-4A43-949D-3362E5476167}.Release|x64.Build.0 = Release|Any CPU
		{EE7645B8-8426-4A43-949D-3362E5476167}.Release|x64.Deploy.0 = Release|Any CPU
		{EE7645B8-8426-4A43-949D-3362E5476167}.Release|x86.ActiveCfg = Release|Any CPU
		{EE7645B8-8426-4A43-949D-3362E5476167}.Release|x86.Build.0 = Release|Any CPU
		{EE7645B8-8426-4A43-949D-3362E5476167}.Release|x86.Deploy.0 = Release|Any CPU
		{44B411EE-F864-4ABE-B07B-5308D561037A}.Debug|Any CPU.ActiveCfg = Debug|iPhoneSimulator
		{44B411EE-F864-4ABE-B07B-5308D561037A}.Debug|Any CPU.Build.0 = Debug|iPhoneSimulator
		{44B411EE-F864-4ABE-B07B-5308D561037A}.Debug|Any CPU.Deploy.0 = Debug|iPhoneSimulator
		{44B411EE-F864-4ABE-B07B-5308D561037A}.Debug|ARM.ActiveCfg = Debug|iPhone
		{44B411EE-F864-4ABE-B07B-5308D561037A}.Debug|ARM.Build.0 = Debug|iPhone
		{44B411EE-F864-4ABE-B07B-5308D561037A}.Debug|ARM.Deploy.0 = Debug|iPhone
		{44B411EE-F864-4ABE-B07B-5308D561037A}.Debug|iPhone.ActiveCfg = Debug|iPhone
		{44B411EE-F864-4ABE-B07B-5308D561037A}.Debug|iPhone.Build.0 = Debug|iPhone
		{44B411EE-F864-4ABE-B07B-5308D561037A}.Debug|iPhone.Deploy.0 = Debug|iPhone
		{44B411EE-F864-4ABE-B07B-5308D561037A}.Debug|iPhoneSimulator.ActiveCfg = Debug|iPhoneSimulator
		{44B411EE-F864-4ABE-B07B-5308D561037A}.Debug|iPhoneSimulator.Build.0 = Debug|iPhoneSimulator
		{44B411EE-F864-4ABE-B07B-5308D561037A}.Debug|iPhoneSimulator.Deploy.0 = Debug|iPhoneSimulator
		{44B411EE-F864-4ABE-B07B-5308D561037A}.Debug|x64.ActiveCfg = Debug|iPhoneSimulator
		{44B411EE-F864-4ABE-B07B-5308D561037A}.Debug|x64.Build.0 = Debug|iPhoneSimulator
		{44B411EE-F864-4ABE-B07B-5308D561037A}.Debug|x64.Deploy.0 = Debug|iPhoneSimulator
		{44B411EE-F864-4ABE-B07B-5308D561037A}.Debug|x86.ActiveCfg = Debug|iPhoneSimulator
		{44B411EE-F864-4ABE-B07B-5308D561037A}.Debug|x86.Build.0 = Debug|iPhoneSimulator
		{44B411EE-F864-4ABE-B07B-5308D561037A}.Debug|x86.Deploy.0 = Debug|iPhoneSimulator
		{44B411EE-F864-4ABE-B07B-5308D561037A}.Release|Any CPU.ActiveCfg = Release|iPhoneSimulator
		{44B411EE-F864-4ABE-B07B-5308D561037A}.Release|Any CPU.Build.0 = Release|iPhoneSimulator
		{44B411EE-F864-4ABE-B07B-5308D561037A}.Release|Any CPU.Deploy.0 = Release|iPhoneSimulator
		{44B411EE-F864-4ABE-B07B-5308D561037A}.Release|ARM.ActiveCfg = Release|iPhoneSimulator
		{44B411EE-F864-4ABE-B07B-5308D561037A}.Release|ARM.Build.0 = Release|iPhoneSimulator
		{44B411EE-F864-4ABE-B07B-5308D561037A}.Release|ARM.Deploy.0 = Release|iPhoneSimulator
		{44B411EE-F864-4ABE-B07B-5308D561037A}.Release|iPhone.ActiveCfg = Release|iPhone
		{44B411EE-F864-4ABE-B07B-5308D561037A}.Release|iPhone.Build.0 = Release|iPhone
		{44B411EE-F864-4ABE-B07B-5308D561037A}.Release|iPhone.Deploy.0 = Release|iPhone
		{44B411EE-F864-4ABE-B07B-5308D561037A}.Release|iPhoneSimulator.ActiveCfg = Release|iPhoneSimulator
		{44B411EE-F864-4ABE-B07B-5308D561037A}.Release|iPhoneSimulator.Build.0 = Release|iPhoneSimulator
		{44B411EE-F864-4ABE-B07B-5308D561037A}.Release|iPhoneSimulator.Deploy.0 = Release|iPhoneSimulator
		{44B411EE-F864-4ABE-B07B-5308D561037A}.Release|x64.ActiveCfg = Release|iPhoneSimulator
		{44B411EE-F864-4ABE-B07B-5308D561037A}.Release|x64.Build.0 = Release|iPhoneSimulator
		{44B411EE-F864-4ABE-B07B-5308D561037A}.Release|x64.Deploy.0 = Release|iPhoneSimulator
		{44B411EE-F864-4ABE-B07B-5308D561037A}.Release|x86.ActiveCfg = Release|iPhoneSimulator
		{44B411EE-F864-4ABE-B07B-5308D561037A}.Release|x86.Build.0 = Release|iPhoneSimulator
		{44B411EE-F864-4ABE-B07B-5308D561037A}.Release|x86.Deploy.0 = Release|iPhoneSimulator
		{70FC2774-3202-4F7D-AE70-F3413265EFEB}.Debug|Any CPU.ActiveCfg = Debug|Any CPU
		{70FC2774-3202-4F7D-AE70-F3413265EFEB}.Debug|Any CPU.Build.0 = Debug|Any CPU
		{70FC2774-3202-4F7D-AE70-F3413265EFEB}.Debug|Any CPU.Deploy.0 = Debug|Any CPU
		{70FC2774-3202-4F7D-AE70-F3413265EFEB}.Debug|ARM.ActiveCfg = Debug|Any CPU
		{70FC2774-3202-4F7D-AE70-F3413265EFEB}.Debug|ARM.Build.0 = Debug|Any CPU
		{70FC2774-3202-4F7D-AE70-F3413265EFEB}.Debug|ARM.Deploy.0 = Debug|Any CPU
		{70FC2774-3202-4F7D-AE70-F3413265EFEB}.Debug|iPhone.ActiveCfg = Debug|Any CPU
		{70FC2774-3202-4F7D-AE70-F3413265EFEB}.Debug|iPhone.Build.0 = Debug|Any CPU
		{70FC2774-3202-4F7D-AE70-F3413265EFEB}.Debug|iPhone.Deploy.0 = Debug|Any CPU
		{70FC2774-3202-4F7D-AE70-F3413265EFEB}.Debug|iPhoneSimulator.ActiveCfg = Debug|Any CPU
		{70FC2774-3202-4F7D-AE70-F3413265EFEB}.Debug|iPhoneSimulator.Build.0 = Debug|Any CPU
		{70FC2774-3202-4F7D-AE70-F3413265EFEB}.Debug|iPhoneSimulator.Deploy.0 = Debug|Any CPU
		{70FC2774-3202-4F7D-AE70-F3413265EFEB}.Debug|x64.ActiveCfg = Debug|Any CPU
		{70FC2774-3202-4F7D-AE70-F3413265EFEB}.Debug|x64.Build.0 = Debug|Any CPU
		{70FC2774-3202-4F7D-AE70-F3413265EFEB}.Debug|x64.Deploy.0 = Debug|Any CPU
		{70FC2774-3202-4F7D-AE70-F3413265EFEB}.Debug|x86.ActiveCfg = Debug|Any CPU
		{70FC2774-3202-4F7D-AE70-F3413265EFEB}.Debug|x86.Build.0 = Debug|Any CPU
		{70FC2774-3202-4F7D-AE70-F3413265EFEB}.Debug|x86.Deploy.0 = Debug|Any CPU
		{70FC2774-3202-4F7D-AE70-F3413265EFEB}.Release|Any CPU.ActiveCfg = Release|Any CPU
		{70FC2774-3202-4F7D-AE70-F3413265EFEB}.Release|Any CPU.Build.0 = Release|Any CPU
		{70FC2774-3202-4F7D-AE70-F3413265EFEB}.Release|Any CPU.Deploy.0 = Release|Any CPU
		{70FC2774-3202-4F7D-AE70-F3413265EFEB}.Release|ARM.ActiveCfg = Release|Any CPU
		{70FC2774-3202-4F7D-AE70-F3413265EFEB}.Release|ARM.Build.0 = Release|Any CPU
		{70FC2774-3202-4F7D-AE70-F3413265EFEB}.Release|ARM.Deploy.0 = Release|Any CPU
		{70FC2774-3202-4F7D-AE70-F3413265EFEB}.Release|iPhone.ActiveCfg = Release|Any CPU
		{70FC2774-3202-4F7D-AE70-F3413265EFEB}.Release|iPhone.Build.0 = Release|Any CPU
		{70FC2774-3202-4F7D-AE70-F3413265EFEB}.Release|iPhone.Deploy.0 = Release|Any CPU
		{70FC2774-3202-4F7D-AE70-F3413265EFEB}.Release|iPhoneSimulator.ActiveCfg = Release|Any CPU
		{70FC2774-3202-4F7D-AE70-F3413265EFEB}.Release|iPhoneSimulator.Build.0 = Release|Any CPU
		{70FC2774-3202-4F7D-AE70-F3413265EFEB}.Release|iPhoneSimulator.Deploy.0 = Release|Any CPU
		{70FC2774-3202-4F7D-AE70-F3413265EFEB}.Release|x64.ActiveCfg = Release|Any CPU
		{70FC2774-3202-4F7D-AE70-F3413265EFEB}.Release|x64.Build.0 = Release|Any CPU
		{70FC2774-3202-4F7D-AE70-F3413265EFEB}.Release|x64.Deploy.0 = Release|Any CPU
		{70FC2774-3202-4F7D-AE70-F3413265EFEB}.Release|x86.ActiveCfg = Release|Any CPU
		{70FC2774-3202-4F7D-AE70-F3413265EFEB}.Release|x86.Build.0 = Release|Any CPU
		{70FC2774-3202-4F7D-AE70-F3413265EFEB}.Release|x86.Deploy.0 = Release|Any CPU
	EndGlobalSection
	GlobalSection(SolutionProperties) = preSolution
		HideSolutionNode = FALSE
	EndGlobalSection
	GlobalSection(ExtensibilityGlobals) = postSolution
		SolutionGuid = {302B541D-890C-43C2-81E5-1DEEB5679E41}
	EndGlobalSection
EndGlobal
